<?xml version="1.0" encoding="utf-8"?>
<Project ToolsVersion="4.0" xmlns="http://schemas.microsoft.com/developer/msbuild/2003">
  <ItemGroup>
    <Filter Include="Source Files">
      <UniqueIdentifier>{ce8fa3e6-7b69-4199-a154-be08b219ad5c}</UniqueIdentifier>
      <Extensions>cpp;c;cxx;def;odl;idl;hpj;bat;asm</Extensions>
    </Filter>
    <Filter Include="Header Files">
      <UniqueIdentifier>{3310962a-ccf2-44bd-ba22-6e77334adf20}</UniqueIdentifier>
      <Extensions>h;hpp;hxx;hm;inl;inc</Extensions>
    </Filter>
    <Filter Include="Resource Files">
      <UniqueIdentifier>{e71088a0-ffb7-4f7e-9555-77387aa774f7}</UniqueIdentifier>
      <Extensions>rc;ico;cur;bmp;dlg;rc2;rct;bin;rgs;gif;jpg;jpeg;jpe;manifest;xpm</Extensions>
    </Filter>
    <Filter Include="Scintilla">
      <UniqueIdentifier>{6b47407f-7cc2-4d3d-940c-a94b2d020d9e}</UniqueIdentifier>
    </Filter>
    <Filter Include="Scintilla\include">
      <UniqueIdentifier>{52a9038d-55b6-4160-9922-006bc5b944e2}</UniqueIdentifier>
    </Filter>
    <Filter Include="Scintilla\src">
      <UniqueIdentifier>{4b9b9748-4a42-47b2-b4e6-6d5e997ae4e0}</UniqueIdentifier>
    </Filter>
    <Filter Include="Scintilla\win32">
      <UniqueIdentifier>{1221a89d-505a-4024-85fe-b060b6c90989}</UniqueIdentifier>
    </Filter>
  </ItemGroup>
  <ItemGroup>
    <ClCompile Include="src\Dialogs.c">
      <Filter>Source Files</Filter>
    </ClCompile>
    <ClCompile Include="src\Dlapi.c">
      <Filter>Source Files</Filter>
    </ClCompile>
    <ClCompile Include="src\Edit.c">
      <Filter>Source Files</Filter>
    </ClCompile>
    <ClCompile Include="src\Helpers.c">
      <Filter>Source Files</Filter>
    </ClCompile>
    <ClCompile Include="src\Notepad2.c">
      <Filter>Source Files</Filter>
    </ClCompile>
    <ClCompile Include="src\Print.cpp">
      <Filter>Source Files</Filter>
    </ClCompile>
    <ClCompile Include="src\Styles.c">
      <Filter>Source Files</Filter>
    </ClCompile>
    <ClCompile Include="scintilla\src\AutoComplete.cxx">
      <Filter>Scintilla\src</Filter>
    </ClCompile>
    <ClCompile Include="scintilla\src\CallTip.cxx">
      <Filter>Scintilla\src</Filter>
    </ClCompile>
    <ClCompile Include="scintilla\src\CellBuffer.cxx">
      <Filter>Scintilla\src</Filter>
    </ClCompile>
    <ClCompile Include="scintilla\src\CharClassify.cxx">
      <Filter>Scintilla\src</Filter>
    </ClCompile>
    <ClCompile Include="scintilla\src\ContractionState.cxx">
      <Filter>Scintilla\src</Filter>
    </ClCompile>
    <ClCompile Include="scintilla\src\Decoration.cxx">
      <Filter>Scintilla\src</Filter>
    </ClCompile>
    <ClCompile Include="scintilla\src\Document.cxx">
      <Filter>Scintilla\src</Filter>
    </ClCompile>
    <ClCompile Include="scintilla\src\DocumentAccessor.cxx">
      <Filter>Scintilla\src</Filter>
    </ClCompile>
    <ClCompile Include="scintilla\src\Editor.cxx">
      <Filter>Scintilla\src</Filter>
    </ClCompile>
    <ClCompile Include="scintilla\src\ExternalLexer.cxx">
      <Filter>Scintilla\src</Filter>
    </ClCompile>
    <ClCompile Include="scintilla\src\Indicator.cxx">
      <Filter>Scintilla\src</Filter>
    </ClCompile>
    <ClCompile Include="scintilla\src\KeyMap.cxx">
      <Filter>Scintilla\src</Filter>
    </ClCompile>
    <ClCompile Include="scintilla\src\KeyWords.cxx">
      <Filter>Scintilla\src</Filter>
    </ClCompile>
    <ClCompile Include="scintilla\src\LexAsm.cxx">
      <Filter>Scintilla\src</Filter>
    </ClCompile>
    <ClCompile Include="scintilla\src\LexCPP.cxx">
      <Filter>Scintilla\src</Filter>
    </ClCompile>
    <ClCompile Include="scintilla\src\LexCSS.cxx">
      <Filter>Scintilla\src</Filter>
    </ClCompile>
    <ClCompile Include="scintilla\src\LexConf.cxx">
      <Filter>Scintilla\src</Filter>
    </ClCompile>
    <ClCompile Include="scintilla\src\LexHTML.cxx">
      <Filter>Scintilla\src</Filter>
    </ClCompile>
    <ClCompile Include="scintilla\src\LexOthers.cxx">
      <Filter>Scintilla\src</Filter>
    </ClCompile>
    <ClCompile Include="scintilla\src\LexPascal.cxx">
      <Filter>Scintilla\src</Filter>
    </ClCompile>
    <ClCompile Include="scintilla\src\LexPerl.cxx">
      <Filter>Scintilla\src</Filter>
    </ClCompile>
    <ClCompile Include="scintilla\src\LexPowerShell.cxx">
      <Filter>Scintilla\src</Filter>
    </ClCompile>
    <ClCompile Include="scintilla\src\LexPython.cxx">
      <Filter>Scintilla\src</Filter>
    </ClCompile>
    <ClCompile Include="scintilla\src\LexSQL.cxx">
      <Filter>Scintilla\src</Filter>
    </ClCompile>
    <ClCompile Include="scintilla\src\LexVB.cxx">
      <Filter>Scintilla\src</Filter>
    </ClCompile>
    <ClCompile Include="scintilla\src\LineMarker.cxx">
      <Filter>Scintilla\src</Filter>
    </ClCompile>
    <ClCompile Include="scintilla\src\PerLine.cxx">
      <Filter>Scintilla\src</Filter>
    </ClCompile>
    <ClCompile Include="scintilla\src\PositionCache.cxx">
      <Filter>Scintilla\src</Filter>
    </ClCompile>
    <ClCompile Include="scintilla\src\PropSet.cxx">
      <Filter>Scintilla\src</Filter>
    </ClCompile>
    <ClCompile Include="scintilla\src\RESearch.cxx">
      <Filter>Scintilla\src</Filter>
    </ClCompile>
    <ClCompile Include="scintilla\src\RunStyles.cxx">
      <Filter>Scintilla\src</Filter>
    </ClCompile>
    <ClCompile Include="scintilla\src\ScintillaBase.cxx">
      <Filter>Scintilla\src</Filter>
    </ClCompile>
    <ClCompile Include="scintilla\src\Selection.cxx">
      <Filter>Scintilla\src</Filter>
    </ClCompile>
    <ClCompile Include="scintilla\src\Style.cxx">
      <Filter>Scintilla\src</Filter>
    </ClCompile>
    <ClCompile Include="scintilla\src\StyleContext.cxx">
      <Filter>Scintilla\src</Filter>
    </ClCompile>
    <ClCompile Include="scintilla\src\UniConversion.cxx">
      <Filter>Scintilla\src</Filter>
    </ClCompile>
    <ClCompile Include="scintilla\src\ViewStyle.cxx">
      <Filter>Scintilla\src</Filter>
    </ClCompile>
    <ClCompile Include="scintilla\src\WindowAccessor.cxx">
      <Filter>Scintilla\src</Filter>
    </ClCompile>
    <ClCompile Include="scintilla\src\XPM.cxx">
      <Filter>Scintilla\src</Filter>
    </ClCompile>
    <ClCompile Include="scintilla\win32\PlatWin.cxx">
      <Filter>Scintilla\win32</Filter>
    </ClCompile>
    <ClCompile Include="scintilla\win32\ScintillaWin.cxx">
      <Filter>Scintilla\win32</Filter>
    </ClCompile>
  </ItemGroup>
  <ItemGroup>
    <ClInclude Include="src\Dialogs.h">
      <Filter>Header Files</Filter>
    </ClInclude>
    <ClInclude Include="src\Dlapi.h">
      <Filter>Header Files</Filter>
    </ClInclude>
    <ClInclude Include="src\Edit.h">
      <Filter>Header Files</Filter>
    </ClInclude>
    <ClInclude Include="src\Helpers.h">
      <Filter>Header Files</Filter>
    </ClInclude>
    <ClInclude Include="src\Notepad2.h">
      <Filter>Header Files</Filter>
    </ClInclude>
    <ClInclude Include="src\Styles.h">
      <Filter>Header Files</Filter>
    </ClInclude>
    <ClInclude Include="src\resource.h">
      <Filter>Header Files</Filter>
    </ClInclude>
    <ClInclude Include="scintilla\include\Accessor.h">
      <Filter>Scintilla\include</Filter>
    </ClInclude>
    <ClInclude Include="scintilla\include\KeyWords.h">
      <Filter>Scintilla\include</Filter>
    </ClInclude>
    <ClInclude Include="scintilla\include\Platform.h">
      <Filter>Scintilla\include</Filter>
    </ClInclude>
    <ClInclude Include="scintilla\include\PropSet.h">
      <Filter>Scintilla\include</Filter>
    </ClInclude>
    <ClInclude Include="scintilla\include\SString.h">
      <Filter>Scintilla\include</Filter>
    </ClInclude>
    <ClInclude Include="scintilla\include\SciLexer.h">
      <Filter>Scintilla\include</Filter>
    </ClInclude>
    <ClInclude Include="scintilla\include\Scintilla.h">
      <Filter>Scintilla\include</Filter>
    </ClInclude>
    <ClInclude Include="scintilla\include\ScintillaWidget.h">
      <Filter>Scintilla\include</Filter>
    </ClInclude>
    <ClInclude Include="scintilla\include\WindowAccessor.h">
      <Filter>Scintilla\include</Filter>
    </ClInclude>
    <ClInclude Include="scintilla\src\AutoComplete.h">
      <Filter>Scintilla\src</Filter>
    </ClInclude>
    <ClInclude Include="scintilla\src\CallTip.h">
      <Filter>Scintilla\src</Filter>
    </ClInclude>
    <ClInclude Include="scintilla\src\CellBuffer.h">
      <Filter>Scintilla\src</Filter>
    </ClInclude>
    <ClInclude Include="scintilla\src\CharClassify.h">
      <Filter>Scintilla\src</Filter>
    </ClInclude>
    <ClInclude Include="scintilla\src\CharacterSet.h">
      <Filter>Scintilla\src</Filter>
    </ClInclude>
    <ClInclude Include="scintilla\src\ContractionState.h">
      <Filter>Scintilla\src</Filter>
    </ClInclude>
    <ClInclude Include="scintilla\src\Decoration.h">
      <Filter>Scintilla\src</Filter>
    </ClInclude>
    <ClInclude Include="scintilla\src\Document.h">
      <Filter>Scintilla\src</Filter>
    </ClInclude>
    <ClInclude Include="scintilla\src\DocumentAccessor.h">
      <Filter>Scintilla\src</Filter>
    </ClInclude>
    <ClInclude Include="scintilla\src\Editor.h">
      <Filter>Scintilla\src</Filter>
    </ClInclude>
    <ClInclude Include="scintilla\src\ExternalLexer.h">
      <Filter>Scintilla\src</Filter>
    </ClInclude>
    <ClInclude Include="scintilla\src\Indicator.h">
      <Filter>Scintilla\src</Filter>
    </ClInclude>
    <ClInclude Include="scintilla\src\KeyMap.h">
      <Filter>Scintilla\src</Filter>
    </ClInclude>
    <ClInclude Include="scintilla\src\LineMarker.h">
      <Filter>Scintilla\src</Filter>
    </ClInclude>
    <ClInclude Include="scintilla\src\Partitioning.h">
      <Filter>Scintilla\src</Filter>
    </ClInclude>
    <ClInclude Include="scintilla\src\PerLine.h">
      <Filter>Scintilla\src</Filter>
    </ClInclude>
    <ClInclude Include="scintilla\src\PositionCache.h">
      <Filter>Scintilla\src</Filter>
    </ClInclude>
    <ClInclude Include="scintilla\src\RESearch.h">
      <Filter>Scintilla\src</Filter>
    </ClInclude>
    <ClInclude Include="scintilla\src\RunStyles.h">
      <Filter>Scintilla\src</Filter>
    </ClInclude>
    <ClInclude Include="scintilla\src\SVector.h">
      <Filter>Scintilla\src</Filter>
    </ClInclude>
    <ClInclude Include="scintilla\src\ScintillaBase.h">
      <Filter>Scintilla\src</Filter>
    </ClInclude>
    <ClInclude Include="scintilla\src\Selection.h">
      <Filter>Scintilla\src</Filter>
    </ClInclude>
    <ClInclude Include="scintilla\src\SplitVector.h">
      <Filter>Scintilla\src</Filter>
    </ClInclude>
    <ClInclude Include="scintilla\src\Style.h">
      <Filter>Scintilla\src</Filter>
    </ClInclude>
    <ClInclude Include="scintilla\src\StyleContext.h">
      <Filter>Scintilla\src</Filter>
    </ClInclude>
    <ClInclude Include="scintilla\src\UniConversion.h">
      <Filter>Scintilla\src</Filter>
    </ClInclude>
    <ClInclude Include="scintilla\src\ViewStyle.h">
      <Filter>Scintilla\src</Filter>
    </ClInclude>
    <ClInclude Include="scintilla\src\XPM.h">
      <Filter>Scintilla\src</Filter>
    </ClInclude>
    <ClInclude Include="scintilla\win32\PlatformRes.h">
      <Filter>Scintilla\win32</Filter>
    </ClInclude>
  </ItemGroup>
  <ItemGroup>
    <None Include="res\Copy.cur">
      <Filter>Resource Files</Filter>
    </None>
    <None Include="res\Encoding.bmp">
      <Filter>Resource Files</Filter>
    </None>
    <None Include="res\Hover.cur">
      <Filter>Resource Files</Filter>
    </None>
    <None Include="scintilla\win32\Margin.cur">
      <Filter>Resource Files</Filter>
    </None>
    <None Include="res\Next.bmp">
      <Filter>Resource Files</Filter>
    </None>
    <None Include="res\Notepad2.ico">
      <Filter>Resource Files</Filter>
    </None>
    <None Include="res\Open.bmp">
      <Filter>Resource Files</Filter>
    </None>
    <None Include="res\Pick.bmp">
      <Filter>Resource Files</Filter>
    </None>
    <None Include="res\Prev.bmp">
      <Filter>Resource Files</Filter>
    </None>
    <None Include="res\Run.ico">
      <Filter>Resource Files</Filter>
    </None>
    <None Include="res\Styles.ico">
      <Filter>Resource Files</Filter>
    </None>
    <None Include="res\Toolbar.bmp">
      <Filter>Resource Files</Filter>
    </None>
  </ItemGroup>
  <ItemGroup>
    <Manifest Include="res\Notepad2.exe.manifest">
      <Filter>Resource Files</Filter>
    </Manifest>
  </ItemGroup>
  <ItemGroup>
    <ResourceCompile Include="src\Notepad2.rc">
      <Filter>Resource Files</Filter>
    </ResourceCompile>
  </ItemGroup>
</Project>