
Microsoft Visual Studio Solution File, Format Version 11.00
# Visual Studio 2010
Project("{8BC9CEB8-8B4A-11D0-8D11-00A0C91BC942}") = "SetupStub", "setup.vcxproj", "{8A95BEFC-9819-58B6-5FDB-FA8EB2A6B480}"
EndProject
Global
	GlobalSection(SolutionConfigurationPlatforms) = preSolution
		Full|Win32 = Full|Win32
		Full|x64 = Full|x64
		Lite|Win32 = Lite|Win32
		Lite|x64 = Lite|x64
	EndGlobalSection
	GlobalSection(ProjectConfigurationPlatforms) = postSolution
		{8A95BEFC-9819-58B6-5FDB-FA8EB2A6B480}.Full|Win32.ActiveCfg = Full|Win32
		{8A95BEFC-9819-58B6-5FDB-FA8EB2A6B480}.Full|Win32.Build.0 = Full|Win32
		{8A95BEFC-9819-58B6-5FDB-FA8EB2A6B480}.Full|x64.ActiveCfg = Full|x64
		{8A95BEFC-9819-58B6-5FDB-FA8EB2A6B480}.Full|x64.Build.0 = Full|x64
		{8A95BEFC-9819-58B6-5FDB-FA8EB2A6B480}.Lite|Win32.ActiveCfg = Lite|Win32
		{8A95BEFC-9819-58B6-5FDB-FA8EB2A6B480}.Lite|Win32.Build.0 = Lite|Win32
		{8A95BEFC-9819-58B6-5FDB-FA8EB2A6B480}.Lite|x64.ActiveCfg = Lite|x64
		{8A95BEFC-9819-58B6-5FDB-FA8EB2A6B480}.Lite|x64.Build.0 = Lite|x64
	EndGlobalSection
	GlobalSection(SolutionProperties) = preSolution
		HideSolutionNode = FALSE
	EndGlobalSection
EndGlobal
