<?xml version="1.0" encoding="utf-8"?>
<Project ToolsVersion="4.0" xmlns="http://schemas.microsoft.com/developer/msbuild/2003">
  <ItemGroup>
    <Filter Include="Header Files">
      <UniqueIdentifier>{93995380-89BD-4b04-88EB-625FBE52EBFB}</UniqueIdentifier>
      <Extensions>h;hpp;hxx;hm;inl;inc;xsd</Extensions>
    </Filter>
    <Filter Include="Resource Files">
      <UniqueIdentifier>{67DA6AB6-F800-4c08-8B7A-83BB121AAD01}</UniqueIdentifier>
      <Extensions>rc;ico;cur;bmp;dlg;rc2;rct;bin;rgs;gif;jpg;jpeg;jpe;resx</Extensions>
    </Filter>
    <Filter Include="Source Files">
      <UniqueIdentifier>{4FC737F1-C7A5-4376-A066-2A32D752A2FF}</UniqueIdentifier>
      <Extensions>cpp;c;cc;cxx;def;odl;idl;hpj;bat;asm;asmx</Extensions>
    </Filter>
    <Filter Include="Scintilla">
      <UniqueIdentifier>{ed9b3c28-9a07-46c0-8a59-7d0909d41240}</UniqueIdentifier>
    </Filter>
    <Filter Include="Scintilla\include">
      <UniqueIdentifier>{720b705e-03e3-4db1-8272-00413fd63748}</UniqueIdentifier>
    </Filter>
    <Filter Include="Scintilla\lexers">
      <UniqueIdentifier>{d935131a-8e0b-4edd-8e22-10accb5ffeb0}</UniqueIdentifier>
    </Filter>
    <Filter Include="Scintilla\lexlib">
      <UniqueIdentifier>{fe9e2269-192b-4e55-b221-dfc50a195d93}</UniqueIdentifier>
    </Filter>
    <Filter Include="Scintilla\src">
      <UniqueIdentifier>{fece5d6a-3edf-4aa6-8a57-671022c06e27}</UniqueIdentifier>
    </Filter>
    <Filter Include="Scintilla\win32">
      <UniqueIdentifier>{a32f9603-4321-4b8e-8ccc-f9b453f4feb9}</UniqueIdentifier>
    </Filter>
  </ItemGroup>
  <ItemGroup>
    <ClCompile Include="Dialogs.c">
      <Filter>Source Files</Filter>
    </ClCompile>
    <ClCompile Include="Dlapi.c">
      <Filter>Source Files</Filter>
    </ClCompile>
    <ClCompile Include="Edit.c">
      <Filter>Source Files</Filter>
    </ClCompile>
    <ClCompile Include="Helpers.c">
      <Filter>Source Files</Filter>
    </ClCompile>
    <ClCompile Include="Notepad2.c">
      <Filter>Source Files</Filter>
    </ClCompile>
    <ClCompile Include="Print.cpp">
      <Filter>Source Files</Filter>
    </ClCompile>
    <ClCompile Include="Styles.c">
      <Filter>Source Files</Filter>
    </ClCompile>
    <ClCompile Include="..\scintilla\lexers\LexAsm.cxx">
      <Filter>Scintilla\lexers</Filter>
    </ClCompile>
    <ClCompile Include="..\scintilla\lexers\LexConf.cxx">
      <Filter>Scintilla\lexers</Filter>
    </ClCompile>
    <ClCompile Include="..\scintilla\lexers\LexCPP.cxx">
      <Filter>Scintilla\lexers</Filter>
    </ClCompile>
    <ClCompile Include="..\scintilla\lexers\LexCSS.cxx">
      <Filter>Scintilla\lexers</Filter>
    </ClCompile>
    <ClCompile Include="..\scintilla\lexers\LexHTML.cxx">
      <Filter>Scintilla\lexers</Filter>
    </ClCompile>
    <ClCompile Include="..\scintilla\lexers\LexOthers.cxx">
      <Filter>Scintilla\lexers</Filter>
    </ClCompile>
    <ClCompile Include="..\scintilla\lexers\LexPascal.cxx">
      <Filter>Scintilla\lexers</Filter>
    </ClCompile>
    <ClCompile Include="..\scintilla\lexers\LexPerl.cxx">
      <Filter>Scintilla\lexers</Filter>
    </ClCompile>
    <ClCompile Include="..\scintilla\lexers\LexPowerShell.cxx">
      <Filter>Scintilla\lexers</Filter>
    </ClCompile>
    <ClCompile Include="..\scintilla\lexers\LexPython.cxx">
      <Filter>Scintilla\lexers</Filter>
    </ClCompile>
    <ClCompile Include="..\scintilla\lexers\LexSQL.cxx">
      <Filter>Scintilla\lexers</Filter>
    </ClCompile>
    <ClCompile Include="..\scintilla\lexers\LexVB.cxx">
      <Filter>Scintilla\lexers</Filter>
    </ClCompile>
    <ClCompile Include="..\scintilla\lexlib\Accessor.cxx">
      <Filter>Scintilla\lexlib</Filter>
    </ClCompile>
    <ClCompile Include="..\scintilla\lexlib\CharacterSet.cxx">
      <Filter>Scintilla\lexlib</Filter>
    </ClCompile>
    <ClCompile Include="..\scintilla\lexlib\LexerBase.cxx">
      <Filter>Scintilla\lexlib</Filter>
    </ClCompile>
    <ClCompile Include="..\scintilla\lexlib\LexerModule.cxx">
      <Filter>Scintilla\lexlib</Filter>
    </ClCompile>
    <ClCompile Include="..\scintilla\lexlib\LexerSimple.cxx">
      <Filter>Scintilla\lexlib</Filter>
    </ClCompile>
    <ClCompile Include="..\scintilla\lexlib\PropSetSimple.cxx">
      <Filter>Scintilla\lexlib</Filter>
    </ClCompile>
    <ClCompile Include="..\scintilla\lexlib\StyleContext.cxx">
      <Filter>Scintilla\lexlib</Filter>
    </ClCompile>
    <ClCompile Include="..\scintilla\lexlib\WordList.cxx">
      <Filter>Scintilla\lexlib</Filter>
    </ClCompile>
    <ClCompile Include="..\scintilla\src\AutoComplete.cxx">
      <Filter>Scintilla\src</Filter>
    </ClCompile>
    <ClCompile Include="..\scintilla\src\CallTip.cxx">
      <Filter>Scintilla\src</Filter>
    </ClCompile>
    <ClCompile Include="..\scintilla\src\Catalogue.cxx">
      <Filter>Scintilla\src</Filter>
    </ClCompile>
    <ClCompile Include="..\scintilla\src\CellBuffer.cxx">
      <Filter>Scintilla\src</Filter>
    </ClCompile>
    <ClCompile Include="..\scintilla\src\CharClassify.cxx">
      <Filter>Scintilla\src</Filter>
    </ClCompile>
    <ClCompile Include="..\scintilla\src\ContractionState.cxx">
      <Filter>Scintilla\src</Filter>
    </ClCompile>
    <ClCompile Include="..\scintilla\src\Decoration.cxx">
      <Filter>Scintilla\src</Filter>
    </ClCompile>
    <ClCompile Include="..\scintilla\src\Document.cxx">
      <Filter>Scintilla\src</Filter>
    </ClCompile>
    <ClCompile Include="..\scintilla\src\Editor.cxx">
      <Filter>Scintilla\src</Filter>
    </ClCompile>
    <ClCompile Include="..\scintilla\src\ExternalLexer.cxx">
      <Filter>Scintilla\src</Filter>
    </ClCompile>
    <ClCompile Include="..\scintilla\src\Indicator.cxx">
      <Filter>Scintilla\src</Filter>
    </ClCompile>
    <ClCompile Include="..\scintilla\src\KeyMap.cxx">
      <Filter>Scintilla\src</Filter>
    </ClCompile>
    <ClCompile Include="..\scintilla\src\LineMarker.cxx">
      <Filter>Scintilla\src</Filter>
    </ClCompile>
    <ClCompile Include="..\scintilla\src\PerLine.cxx">
      <Filter>Scintilla\src</Filter>
    </ClCompile>
    <ClCompile Include="..\scintilla\src\PositionCache.cxx">
      <Filter>Scintilla\src</Filter>
    </ClCompile>
    <ClCompile Include="..\scintilla\src\RESearch.cxx">
      <Filter>Scintilla\src</Filter>
    </ClCompile>
    <ClCompile Include="..\scintilla\src\RunStyles.cxx">
      <Filter>Scintilla\src</Filter>
    </ClCompile>
    <ClCompile Include="..\scintilla\src\ScintillaBase.cxx">
      <Filter>Scintilla\src</Filter>
    </ClCompile>
    <ClCompile Include="..\scintilla\src\Selection.cxx">
      <Filter>Scintilla\src</Filter>
    </ClCompile>
    <ClCompile Include="..\scintilla\src\Style.cxx">
      <Filter>Scintilla\src</Filter>
    </ClCompile>
    <ClCompile Include="..\scintilla\src\UniConversion.cxx">
      <Filter>Scintilla\src</Filter>
    </ClCompile>
    <ClCompile Include="..\scintilla\src\ViewStyle.cxx">
      <Filter>Scintilla\src</Filter>
    </ClCompile>
    <ClCompile Include="..\scintilla\src\XPM.cxx">
      <Filter>Scintilla\src</Filter>
    </ClCompile>
    <ClCompile Include="..\scintilla\win32\PlatWin.cxx">
      <Filter>Scintilla\win32</Filter>
    </ClCompile>
    <ClCompile Include="..\scintilla\win32\ScintillaWin.cxx">
      <Filter>Scintilla\win32</Filter>
    </ClCompile>
  </ItemGroup>
  <ItemGroup>
    <ClInclude Include="Dialogs.h">
      <Filter>Header Files</Filter>
    </ClInclude>
    <ClInclude Include="Dlapi.h">
      <Filter>Header Files</Filter>
    </ClInclude>
    <ClInclude Include="Edit.h">
      <Filter>Header Files</Filter>
    </ClInclude>
    <ClInclude Include="Helpers.h">
      <Filter>Header Files</Filter>
    </ClInclude>
    <ClInclude Include="Notepad2.h">
      <Filter>Header Files</Filter>
    </ClInclude>
    <ClInclude Include="SciCall.h">
      <Filter>Header Files</Filter>
    </ClInclude>
    <ClInclude Include="Styles.h">
      <Filter>Header Files</Filter>
    </ClInclude>
    <ClInclude Include="resource.h">
      <Filter>Header Files</Filter>
    </ClInclude>
    <ClInclude Include="Version.h">
      <Filter>Header Files</Filter>
    </ClInclude>
    <ClInclude Include="..\scintilla\include\ILexer.h">
      <Filter>Scintilla\include</Filter>
    </ClInclude>
    <ClInclude Include="..\scintilla\include\Platform.h">
      <Filter>Scintilla\include</Filter>
    </ClInclude>
    <ClInclude Include="..\scintilla\include\SciLexer.h">
      <Filter>Scintilla\include</Filter>
    </ClInclude>
    <ClInclude Include="..\scintilla\include\Scintilla.h">
      <Filter>Scintilla\include</Filter>
    </ClInclude>
    <ClInclude Include="..\scintilla\include\ScintillaWidget.h">
      <Filter>Scintilla\include</Filter>
    </ClInclude>
    <ClInclude Include="..\scintilla\lexlib\Accessor.h">
      <Filter>Scintilla\lexlib</Filter>
    </ClInclude>
    <ClInclude Include="..\scintilla\lexlib\CharacterSet.h">
      <Filter>Scintilla\lexlib</Filter>
    </ClInclude>
    <ClInclude Include="..\scintilla\lexlib\LexAccessor.h">
      <Filter>Scintilla\lexlib</Filter>
    </ClInclude>
    <ClInclude Include="..\scintilla\lexlib\LexerBase.h">
      <Filter>Scintilla\lexlib</Filter>
    </ClInclude>
    <ClInclude Include="..\scintilla\lexlib\LexerModule.h">
      <Filter>Scintilla\lexlib</Filter>
    </ClInclude>
    <ClInclude Include="..\scintilla\lexlib\LexerSimple.h">
      <Filter>Scintilla\lexlib</Filter>
    </ClInclude>
    <ClInclude Include="..\scintilla\lexlib\OptionSet.h">
      <Filter>Scintilla\lexlib</Filter>
    </ClInclude>
    <ClInclude Include="..\scintilla\lexlib\PropSetSimple.h">
      <Filter>Scintilla\lexlib</Filter>
    </ClInclude>
    <ClInclude Include="..\scintilla\lexlib\StyleContext.h">
      <Filter>Scintilla\lexlib</Filter>
    </ClInclude>
    <ClInclude Include="..\scintilla\lexlib\WordList.h">
      <Filter>Scintilla\lexlib</Filter>
    </ClInclude>
    <ClInclude Include="..\scintilla\src\AutoComplete.h">
      <Filter>Scintilla\src</Filter>
    </ClInclude>
    <ClInclude Include="..\scintilla\src\CallTip.h">
      <Filter>Scintilla\src</Filter>
    </ClInclude>
    <ClInclude Include="..\scintilla\src\Catalogue.h">
      <Filter>Scintilla\src</Filter>
    </ClInclude>
    <ClInclude Include="..\scintilla\src\CellBuffer.h">
      <Filter>Scintilla\src</Filter>
    </ClInclude>
    <ClInclude Include="..\scintilla\src\CharClassify.h">
      <Filter>Scintilla\src</Filter>
    </ClInclude>
    <ClInclude Include="..\scintilla\src\ContractionState.h">
      <Filter>Scintilla\src</Filter>
    </ClInclude>
    <ClInclude Include="..\scintilla\src\Decoration.h">
      <Filter>Scintilla\src</Filter>
    </ClInclude>
    <ClInclude Include="..\scintilla\src\Document.h">
      <Filter>Scintilla\src</Filter>
    </ClInclude>
    <ClInclude Include="..\scintilla\src\Editor.h">
      <Filter>Scintilla\src</Filter>
    </ClInclude>
    <ClInclude Include="..\scintilla\src\ExternalLexer.h">
      <Filter>Scintilla\src</Filter>
    </ClInclude>
    <ClInclude Include="..\scintilla\src\FontQuality.h">
      <Filter>Scintilla\src</Filter>
    </ClInclude>
    <ClInclude Include="..\scintilla\src\Indicator.h">
      <Filter>Scintilla\src</Filter>
    </ClInclude>
    <ClInclude Include="..\scintilla\src\KeyMap.h">
      <Filter>Scintilla\src</Filter>
    </ClInclude>
    <ClInclude Include="..\scintilla\src\LineMarker.h">
      <Filter>Scintilla\src</Filter>
    </ClInclude>
    <ClInclude Include="..\scintilla\src\Partitioning.h">
      <Filter>Scintilla\src</Filter>
    </ClInclude>
    <ClInclude Include="..\scintilla\src\PerLine.h">
      <Filter>Scintilla\src</Filter>
    </ClInclude>
    <ClInclude Include="..\scintilla\src\PositionCache.h">
      <Filter>Scintilla\src</Filter>
    </ClInclude>
    <ClInclude Include="..\scintilla\src\RESearch.h">
      <Filter>Scintilla\src</Filter>
    </ClInclude>
    <ClInclude Include="..\scintilla\src\RunStyles.h">
      <Filter>Scintilla\src</Filter>
    </ClInclude>
    <ClInclude Include="..\scintilla\src\ScintillaBase.h">
      <Filter>Scintilla\src</Filter>
    </ClInclude>
    <ClInclude Include="..\scintilla\src\Selection.h">
      <Filter>Scintilla\src</Filter>
    </ClInclude>
    <ClInclude Include="..\scintilla\src\SplitVector.h">
      <Filter>Scintilla\src</Filter>
    </ClInclude>
    <ClInclude Include="..\scintilla\src\Style.h">
      <Filter>Scintilla\src</Filter>
    </ClInclude>
    <ClInclude Include="..\scintilla\src\SVector.h">
      <Filter>Scintilla\src</Filter>
    </ClInclude>
    <ClInclude Include="..\scintilla\src\UniConversion.h">
      <Filter>Scintilla\src</Filter>
    </ClInclude>
    <ClInclude Include="..\scintilla\src\ViewStyle.h">
      <Filter>Scintilla\src</Filter>
    </ClInclude>
    <ClInclude Include="..\scintilla\src\XPM.h">
      <Filter>Scintilla\src</Filter>
    </ClInclude>
  </ItemGroup>
  <ItemGroup>
    <None Include="..\res\Copy.cur">
      <Filter>Resource Files</Filter>
    </None>
    <None Include="..\res\Encoding.bmp">
      <Filter>Resource Files</Filter>
    </None>
    <None Include="..\res\Next.bmp">
      <Filter>Resource Files</Filter>
    </None>
    <None Include="..\res\Notepad2.ico">
      <Filter>Resource Files</Filter>
    </None>
    <None Include="..\res\Open.bmp">
      <Filter>Resource Files</Filter>
    </None>
    <None Include="..\res\Pick.bmp">
      <Filter>Resource Files</Filter>
    </None>
    <None Include="..\res\Prev.bmp">
      <Filter>Resource Files</Filter>
    </None>
    <None Include="..\res\Run.ico">
      <Filter>Resource Files</Filter>
    </None>
    <None Include="..\res\Styles.ico">
      <Filter>Resource Files</Filter>
    </None>
    <None Include="..\res\Toolbar.bmp">
      <Filter>Resource Files</Filter>
    </None>
    <None Include="..\scintilla\win32\Margin.cur">
      <Filter>Resource Files</Filter>
    </None>
  </ItemGroup>
  <ItemGroup>
    <Manifest Include="..\res\Notepad2.exe.manifest">
      <Filter>Resource Files</Filter>
    </Manifest>
  </ItemGroup>
  <ItemGroup>
    <ResourceCompile Include="Notepad2.rc">
      <Filter>Resource Files</Filter>
    </ResourceCompile>
  </ItemGroup>
</Project>